
Microsoft Visual Studio Solution File, Format Version 12.00
# Visual Studio Version 17
VisualStudioVersion = 17.0.32112.339
MinimumVisualStudioVersion = 10.0.40219.1
Project("{FAE04EC0-301F-11D3-BF4B-00C04F79EFBC}") = "AzureCosmos", "AzureCosmos\AzureCosmos.csproj", "{BF8EACCF-F1B3-4809-986E-0D3F2F42429E}"
EndProject
Project("{FAE04EC0-301F-11D3-BF4B-00C04F79EFBC}") = "AzureCosmosTests", "AzureCosmosTests\AzureCosmosTests.csproj", "{517B73A7-289D-4F0A-83CD-041A89013DBA}"
EndProject
Global
	GlobalSection(SolutionConfigurationPlatforms) = preSolution
		Debug|Any CPU = Debug|Any CPU
		Release|Any CPU = Release|Any CPU
	EndGlobalSection
	GlobalSection(ProjectConfigurationPlatforms) = postSolution
		{BF8EACCF-F1B3-4809-986E-0D3F2F42429E}.Debug|Any CPU.ActiveCfg = Debug|Any CPU
		{BF8EACCF-F1B3-4809-986E-0D3F2F42429E}.Debug|Any CPU.Build.0 = Debug|Any CPU
		{BF8EACCF-F1B3-4809-986E-0D3F2F42429E}.Release|Any CPU.ActiveCfg = Release|Any CPU
		{BF8EACCF-F1B3-4809-986E-0D3F2F42429E}.Release|Any CPU.Build.0 = Release|Any CPU
		{517B73A7-289D-4F0A-83CD-041A89013DBA}.Debug|Any CPU.ActiveCfg = Debug|Any CPU
		{517B73A7-289D-4F0A-83CD-041A89013DBA}.Debug|Any CPU.Build.0 = Debug|Any CPU
		{517B73A7-289D-4F0A-83CD-041A89013DBA}.Release|Any CPU.ActiveCfg = Release|Any CPU
		{517B73A7-289D-4F0A-83CD-041A89013DBA}.Release|Any CPU.Build.0 = Release|Any CPU
	EndGlobalSection
	GlobalSection(SolutionProperties) = preSolution
		HideSolutionNode = FALSE
	EndGlobalSection
	GlobalSection(ExtensibilityGlobals) = postSolution
		SolutionGuid = {33F7680E-91E6-4290-97F7-7F95B901E36E}
	EndGlobalSection
EndGlobal
